{
    "_meta": {
        "hash": {
            "sha256": "efbe0234d8276340fda3c562369b889e90851f3918b7b9db83456c3a9a7c902f"
        },
        "pipfile-spec": 6,
        "requires": {},
        "sources": [
            {
                "name": "pypi",
                "url": "https://pypi.org/simple",
                "verify_ssl": true
            }
        ]
    },
    "default": {
        "apscheduler": {
            "hashes": [
                "sha256:0293937d8f6051a0f493359440c1a1b93e882c57daf0197afeff0e727777b96e",
                "sha256:e813ad5ada7aff36fb08cdda746b520531eaac7757832abc204868ba78e0c8f6"
            ],
            "index": "pypi",
            "version": "==3.10.1"
        },
        "astral": {
            "hashes": [
                "sha256:9b7c3b412e9e69d172cfb24be0e6addcc9f1bd01a28db8bebe66d75ccc533d88",
                "sha256:cb7b49a3f0d4c64ae666be131276d2a3226134c598db10e672028cf8ff855f83"
            ],
            "index": "pypi",
            "version": "==3.2"
        },
        "bottle": {
            "hashes": [
                "sha256:683de3aa399fb26e87b274dbcf70b1a651385d459131716387abdc3792e04167",
                "sha256:9f1c363257c590bd34db5fad4693a7f06ff4217e9ad18337451de69c25137127"
            ],
            "index": "pypi",
            "version": "==0.12.23"
        },
        "freetype-py": {
            "editable": false,
            "git": "https://github.com/mammo0/freetype-py.git",
            "ref": "7bf07468787f58bcb8b4f6f75b8bc289fdbddb3d"
        },
        "imageio": {
            "hashes": [
                "sha256:3f937396c2f341a7d7600a99cd14727cc90002f850fd136cf65fad79c2ff44a0",
                "sha256:cb635709765e527c94890b4fbb6870e59213fe182a1c8086d167eb3626073cbd"
            ],
            "index": "pypi",
            "version": "==2.23.0"
        },
        "numpy": {
            "hashes": [
                "sha256:0044f7d944ee882400890f9ae955220d29b33d809a038923d88e4e01d652acd9",
                "sha256:0e3463e6ac25313462e04aea3fb8a0a30fb906d5d300f58b3bc2c23da6a15398",
                "sha256:179a7ef0889ab769cc03573b6217f54c8bd8e16cef80aad369e1e8185f994cd7",
                "sha256:2386da9a471cc00a1f47845e27d916d5ec5346ae9696e01a8a34760858fe9dd2",
                "sha256:26089487086f2648944f17adaa1a97ca6aee57f513ba5f1c0b7ebdabbe2b9954",
                "sha256:28bc9750ae1f75264ee0f10561709b1462d450a4808cd97c013046073ae64ab6",
                "sha256:28e418681372520c992805bb723e29d69d6b7aa411065f48216d8329d02ba032",
                "sha256:442feb5e5bada8408e8fcd43f3360b78683ff12a4444670a7d9e9824c1817d36",
                "sha256:6ec0c021cd9fe732e5bab6401adea5a409214ca5592cd92a114f7067febcba0c",
                "sha256:7094891dcf79ccc6bc2a1f30428fa5edb1e6fb955411ffff3401fb4ea93780a8",
                "sha256:84e789a085aabef2f36c0515f45e459f02f570c4b4c4c108ac1179c34d475ed7",
                "sha256:87a118968fba001b248aac90e502c0b13606721b1343cdaddbc6e552e8dfb56f",
                "sha256:8e669fbdcdd1e945691079c2cae335f3e3a56554e06bbd45d7609a6cf568c700",
                "sha256:ad2925567f43643f51255220424c23d204024ed428afc5aad0f86f3ffc080086",
                "sha256:b0677a52f5d896e84414761531947c7a330d1adc07c3a4372262f25d84af7bf7",
                "sha256:b07b40f5fb4fa034120a5796288f24c1fe0e0580bbfff99897ba6267af42def2",
                "sha256:b09804ff570b907da323b3d762e74432fb07955701b17b08ff1b5ebaa8cfe6a9",
                "sha256:b162ac10ca38850510caf8ea33f89edcb7b0bb0dfa5592d59909419986b72407",
                "sha256:b31da69ed0c18be8b77bfce48d234e55d040793cebb25398e2a7d84199fbc7e2",
                "sha256:caf65a396c0d1f9809596be2e444e3bd4190d86d5c1ce21f5fc4be60a3bc5b36",
                "sha256:cfa1161c6ac8f92dea03d625c2d0c05e084668f4a06568b77a25a89111621566",
                "sha256:dae46bed2cb79a58d6496ff6d8da1e3b95ba09afeca2e277628171ca99b99db1",
                "sha256:ddc7ab52b322eb1e40521eb422c4e0a20716c271a306860979d450decbb51b8e",
                "sha256:de92efa737875329b052982e37bd4371d52cabf469f83e7b8be9bb7752d67e51",
                "sha256:e274f0f6c7efd0d577744f52032fdd24344f11c5ae668fe8d01aac0422611df1",
                "sha256:ed5fb71d79e771ec930566fae9c02626b939e37271ec285e9efaf1b5d4370e7d",
                "sha256:ef85cf1f693c88c1fd229ccd1055570cb41cdf4875873b7728b6301f12cd05bf",
                "sha256:f1b739841821968798947d3afcefd386fa56da0caf97722a5de53e07c4ccedc7"
            ],
            "index": "pypi",
            "version": "==1.24.1"
        },
        "pillow": {
            "hashes": [
                "sha256:013016af6b3a12a2f40b704677f8b51f72cb007dac785a9933d5c86a72a7fe33",
                "sha256:0845adc64fe9886db00f5ab68c4a8cd933ab749a87747555cec1c95acea64b0b",
                "sha256:0884ba7b515163a1a05440a138adeb722b8a6ae2c2b33aea93ea3118dd3a899e",
                "sha256:09b89ddc95c248ee788328528e6a2996e09eaccddeeb82a5356e92645733be35",
                "sha256:0dd4c681b82214b36273c18ca7ee87065a50e013112eea7d78c7a1b89a739153",
                "sha256:0e51f608da093e5d9038c592b5b575cadc12fd748af1479b5e858045fff955a9",
                "sha256:0f3269304c1a7ce82f1759c12ce731ef9b6e95b6df829dccd9fe42912cc48569",
                "sha256:16a8df99701f9095bea8a6c4b3197da105df6f74e6176c5b410bc2df2fd29a57",
                "sha256:19005a8e58b7c1796bc0167862b1f54a64d3b44ee5d48152b06bb861458bc0f8",
                "sha256:1b4b4e9dda4f4e4c4e6896f93e84a8f0bcca3b059de9ddf67dac3c334b1195e1",
                "sha256:28676836c7796805914b76b1837a40f76827ee0d5398f72f7dcc634bae7c6264",
                "sha256:2968c58feca624bb6c8502f9564dd187d0e1389964898f5e9e1fbc8533169157",
                "sha256:3f4cc516e0b264c8d4ccd6b6cbc69a07c6d582d8337df79be1e15a5056b258c9",
                "sha256:3fa1284762aacca6dc97474ee9c16f83990b8eeb6697f2ba17140d54b453e133",
                "sha256:43521ce2c4b865d385e78579a082b6ad1166ebed2b1a2293c3be1d68dd7ca3b9",
                "sha256:451f10ef963918e65b8869e17d67db5e2f4ab40e716ee6ce7129b0cde2876eab",
                "sha256:46c259e87199041583658457372a183636ae8cd56dbf3f0755e0f376a7f9d0e6",
                "sha256:46f39cab8bbf4a384ba7cb0bc8bae7b7062b6a11cfac1ca4bc144dea90d4a9f5",
                "sha256:519e14e2c49fcf7616d6d2cfc5c70adae95682ae20f0395e9280db85e8d6c4df",
                "sha256:53dcb50fbdc3fb2c55431a9b30caeb2f7027fcd2aeb501459464f0214200a503",
                "sha256:54614444887e0d3043557d9dbc697dbb16cfb5a35d672b7a0fcc1ed0cf1c600b",
                "sha256:575d8912dca808edd9acd6f7795199332696d3469665ef26163cd090fa1f8bfa",
                "sha256:5dd5a9c3091a0f414a963d427f920368e2b6a4c2f7527fdd82cde8ef0bc7a327",
                "sha256:5f532a2ad4d174eb73494e7397988e22bf427f91acc8e6ebf5bb10597b49c493",
                "sha256:60e7da3a3ad1812c128750fc1bc14a7ceeb8d29f77e0a2356a8fb2aa8925287d",
                "sha256:653d7fb2df65efefbcbf81ef5fe5e5be931f1ee4332c2893ca638c9b11a409c4",
                "sha256:6663977496d616b618b6cfa43ec86e479ee62b942e1da76a2c3daa1c75933ef4",
                "sha256:6abfb51a82e919e3933eb137e17c4ae9c0475a25508ea88993bb59faf82f3b35",
                "sha256:6c6b1389ed66cdd174d040105123a5a1bc91d0aa7059c7261d20e583b6d8cbd2",
                "sha256:6d9dfb9959a3b0039ee06c1a1a90dc23bac3b430842dcb97908ddde05870601c",
                "sha256:765cb54c0b8724a7c12c55146ae4647e0274a839fb6de7bcba841e04298e1011",
                "sha256:7a21222644ab69ddd9967cfe6f2bb420b460dae4289c9d40ff9a4896e7c35c9a",
                "sha256:7ac7594397698f77bce84382929747130765f66406dc2cd8b4ab4da68ade4c6e",
                "sha256:7cfc287da09f9d2a7ec146ee4d72d6ea1342e770d975e49a8621bf54eaa8f30f",
                "sha256:83125753a60cfc8c412de5896d10a0a405e0bd88d0470ad82e0869ddf0cb3848",
                "sha256:847b114580c5cc9ebaf216dd8c8dbc6b00a3b7ab0131e173d7120e6deade1f57",
                "sha256:87708d78a14d56a990fbf4f9cb350b7d89ee8988705e58e39bdf4d82c149210f",
                "sha256:8a2b5874d17e72dfb80d917213abd55d7e1ed2479f38f001f264f7ce7bae757c",
                "sha256:8f127e7b028900421cad64f51f75c051b628db17fb00e099eb148761eed598c9",
                "sha256:94cdff45173b1919350601f82d61365e792895e3c3a3443cf99819e6fbf717a5",
                "sha256:99d92d148dd03fd19d16175b6d355cc1b01faf80dae93c6c3eb4163709edc0a9",
                "sha256:9a3049a10261d7f2b6514d35bbb7a4dfc3ece4c4de14ef5876c4b7a23a0e566d",
                "sha256:9d9a62576b68cd90f7075876f4e8444487db5eeea0e4df3ba298ee38a8d067b0",
                "sha256:9e5f94742033898bfe84c93c831a6f552bb629448d4072dd312306bab3bd96f1",
                "sha256:a1c2d7780448eb93fbcc3789bf3916aa5720d942e37945f4056680317f1cd23e",
                "sha256:a2e0f87144fcbbe54297cae708c5e7f9da21a4646523456b00cc956bd4c65815",
                "sha256:a4dfdae195335abb4e89cc9762b2edc524f3c6e80d647a9a81bf81e17e3fb6f0",
                "sha256:a96e6e23f2b79433390273eaf8cc94fec9c6370842e577ab10dabdcc7ea0a66b",
                "sha256:aabdab8ec1e7ca7f1434d042bf8b1e92056245fb179790dc97ed040361f16bfd",
                "sha256:b222090c455d6d1a64e6b7bb5f4035c4dff479e22455c9eaa1bdd4c75b52c80c",
                "sha256:b52ff4f4e002f828ea6483faf4c4e8deea8d743cf801b74910243c58acc6eda3",
                "sha256:b70756ec9417c34e097f987b4d8c510975216ad26ba6e57ccb53bc758f490dab",
                "sha256:b8c2f6eb0df979ee99433d8b3f6d193d9590f735cf12274c108bd954e30ca858",
                "sha256:b9b752ab91e78234941e44abdecc07f1f0d8f51fb62941d32995b8161f68cfe5",
                "sha256:ba6612b6548220ff5e9df85261bddc811a057b0b465a1226b39bfb8550616aee",
                "sha256:bd752c5ff1b4a870b7661234694f24b1d2b9076b8bf337321a814c612665f343",
                "sha256:c3c4ed2ff6760e98d262e0cc9c9a7f7b8a9f61aa4d47c58835cdaf7b0b8811bb",
                "sha256:c5c1362c14aee73f50143d74389b2c158707b4abce2cb055b7ad37ce60738d47",
                "sha256:cb362e3b0976dc994857391b776ddaa8c13c28a16f80ac6522c23d5257156bed",
                "sha256:d197df5489004db87d90b918033edbeee0bd6df3848a204bca3ff0a903bef837",
                "sha256:d3b56206244dc8711f7e8b7d6cad4663917cd5b2d950799425076681e8766286",
                "sha256:d5b2f8a31bd43e0f18172d8ac82347c8f37ef3e0b414431157718aa234991b28",
                "sha256:d7081c084ceb58278dd3cf81f836bc818978c0ccc770cbbb202125ddabec6628",
                "sha256:db74f5562c09953b2c5f8ec4b7dfd3f5421f31811e97d1dbc0a7c93d6e3a24df",
                "sha256:df41112ccce5d47770a0c13651479fbcd8793f34232a2dd9faeccb75eb5d0d0d",
                "sha256:e1339790c083c5a4de48f688b4841f18df839eb3c9584a770cbd818b33e26d5d",
                "sha256:e621b0246192d3b9cb1dc62c78cfa4c6f6d2ddc0ec207d43c0dedecb914f152a",
                "sha256:e8c5cf126889a4de385c02a2c3d3aba4b00f70234bfddae82a5eaa3ee6d5e3e6",
                "sha256:e9d7747847c53a16a729b6ee5e737cf170f7a16611c143d95aa60a109a59c336",
                "sha256:eaef5d2de3c7e9b21f1e762f289d17b726c2239a42b11e25446abf82b26ac132",
                "sha256:ed3e4b4e1e6de75fdc16d3259098de7c6571b1a6cc863b1a49e7d3d53e036070",
                "sha256:ef21af928e807f10bf4141cad4746eee692a0dd3ff56cfb25fce076ec3cc8abe",
                "sha256:f09598b416ba39a8f489c124447b007fe865f786a89dbfa48bb5cf395693132a",
                "sha256:f0caf4a5dcf610d96c3bd32932bfac8aee61c96e60481c2a0ea58da435e25acd",
                "sha256:f6e78171be3fb7941f9910ea15b4b14ec27725865a73c15277bc39f5ca4f8391",
                "sha256:f715c32e774a60a337b2bb8ad9839b4abf75b267a0f18806f6f4f5f1688c4b5a",
                "sha256:fb5c1ad6bad98c57482236a21bf985ab0ef42bd51f7ad4e4538e89a997624e12"
            ],
            "index": "pypi",
            "version": "==9.4.0"
        },
        "pytz": {
            "hashes": [
                "sha256:01a0681c4b9684a28304615eba55d1ab31ae00bf68ec157ec3708a8182dbbcd0",
                "sha256:78f4f37d8198e0627c5f1143240bb0206b8691d8d7ac6d78fee88b78733f8c4a"
            ],
            "version": "==2022.7.1"
        },
        "pytz-deprecation-shim": {
            "hashes": [
                "sha256:8314c9692a636c8eb3bda879b9f119e350e93223ae83e70e80c31675a0fdc1a6",
                "sha256:af097bae1b616dde5c5744441e2ddc69e74dfdcb0c263129610d85b87445a59d"
            ],
            "markers": "python_version >= '2.7' and python_version not in '3.0, 3.1, 3.2, 3.3, 3.4, 3.5'",
            "version": "==0.1.0.post0"
        },
        "setuptools": {
            "hashes": [
                "sha256:15136a251127da2d2e77ac7a1bc231eb504654f7e3346d93613a13f2e2787535",
                "sha256:1c39d42bda4cb89f7fdcad52b6762e3c309ec8f8715b27c684176b7d71283242"
            ],
            "markers": "python_version >= '3.7'",
            "version": "==67.5.1"
        },
        "simple-classproperty": {
            "hashes": [
                "sha256:16f875106dea9629b60361c93166d544d7fea5600702236ad11942b47c7087c4",
                "sha256:1d3a1db29f88c46710ffcf8928b9dedc2dacb3851f1feb8437dc12a357b20e9e"
            ],
            "markers": "python_version >= '3.7'",
            "version": "==3.0.0"
        },
        "simple-plugin-loader": {
            "hashes": [
                "sha256:5d72ea14a9300949b6a5f1b41eb17845a7c17ef6aab55cda2e14886f473376e4",
                "sha256:80b08890f9436ad2b41932c24ff1482cdd20c6ea4e38f8239628f3a64b83e091"
            ],
            "index": "pypi",
            "version": "==2.2.7"
        },
        "six": {
            "hashes": [
                "sha256:1e61c37477a1626458e36f7b1d82aa5c9b094fa4802892072e49de9c60c4c926",
                "sha256:8abb2f1d86890a2dfb989f9a77cfcfd3e47c2a354b01111771326f8aa26e0254"
            ],
            "markers": "python_version >= '2.7' and python_version not in '3.0, 3.1, 3.2, 3.3'",
            "version": "==1.16.0"
        },
        "spidev": {
            "hashes": [
                "sha256:14dbc37594a4aaef85403ab617985d3c3ef464d62bc9b769ef552db53701115b",
                "sha256:280abc00a1ef7780ef62c3f294f52a2527b6c47d8c269fea98664970bcaf6da5"
            ],
            "index": "pypi",
            "version": "==3.6"
        },
        "tzdata": {
            "hashes": [
                "sha256:2b88858b0e3120792a3c0635c23daf36a7d7eeeca657c323da299d2094402a0d",
                "sha256:fe5f866eddd8b96e9fcba978f8e503c909b19ea7efda11e52e39494bad3a7bfa"
            ],
            "markers": "python_version >= '3.6'",
            "version": "==2022.7"
        },
        "tzlocal": {
            "hashes": [
                "sha256:89885494684c929d9191c57aa27502afc87a579be5cdd3225c77c463ea043745",
                "sha256:ee5842fa3a795f023514ac2d801c4a81d1743bbe642e3940143326b3a00addd7"
            ],
            "index": "pypi",
            "version": "==4.2"
        }
    },
    "develop": {
        "pygame": {
            "hashes": [
                "sha256:012a233fce1367d8813070e394246050320ed0897e89e008f05c185572a6c523",
                "sha256:0f9b905d3c9a1908f2c6ba313ac864c52865688f0b9484b9519aa53195ec89c3",
                "sha256:1812138bb9cfe61e7e9821250d418b66263dd6dbd11757bdc2b7c17d00806e5f",
                "sha256:1bdeb4961bf4a2678954ef918f881751ec1e82f2734e3ac0fb1cd7fddbcc8c0a",
                "sha256:20b0015f7d86b765611141460496ba9669b13dcd956f6d05685e23fe70a7559a",
                "sha256:20e85152b2b89259b44eb8f563e86a9e2f27f663f243edb7f764f1b355ee86b3",
                "sha256:22bb55a57d6faeaa82e9efcfa3c09a5bc909b4c0fea8d103e27cebdd00c9b992",
                "sha256:257e9714552546a43aab94f224edccb5f22458532a702b81fdf513c54b5fa6da",
                "sha256:2810bbbd22016299f5d16ddcf0b446ca264cc507e6ce131c4d12c3425734eeaa",
                "sha256:2b81e22402a3908273ddc67a09e7880f44c28f7499a9ecd5a5b5c14490415c05",
                "sha256:2bf544fd0f07af4290c91159789957508df19df4f728a42661531dc46c3d9b80",
                "sha256:2d6142a784bbef3f1680ece65b7cc4acc2e5c1433c1ff4f7f9ca6c30a38bb7df",
                "sha256:2fc1072d13cdd2e8d08fe959e1134343679e2757eaff3656c69b7d18e70d488e",
                "sha256:381fa033fa8f1d130ec32975d5407f386372d32f2b40015d57277a277db9f723",
                "sha256:43049d7e04e3f8101d14c1bc71a1d117e4092283e45f2488cfc1733f44722152",
                "sha256:4c0c98ae429bd275c098019ec917a1f8ecde03667c69db02dbd909327df67ebe",
                "sha256:5a3f188cda812a370bd276163b860db431045fe44d8874c12cd459c2e6e65cb9",
                "sha256:6015baba3be040f3f982e8f5396ea36352f0ea5570dd6c2f0b1c9c0d16d1a448",
                "sha256:6057e08a42bc113cc4adf309436a04b993beb11e29db4ae8a516fdbf53874b59",
                "sha256:618244dc03f00df8dcce764c22091791b664acd655cbb8f0c235db15ea5a36c9",
                "sha256:649fb006abbaf74005e931e855a9fb1583e7f2c52393a0d1038335f756d2d33a",
                "sha256:677e57472ab13508847c69385e6b998152684f92a733babf345129595e4b781d",
                "sha256:6ab8b06dd4b75a7cfc5aa652625bebeb99fcf190221019bcfd28daf3fa221f78",
                "sha256:6bf82b0aa3534ca0b8312cbd0e94e3acff153cdbe5b5407eb123bbac14d96f4f",
                "sha256:6cfb45e881d412df333dbcba39e71d0e3155eb52affd900bac0770c56f870435",
                "sha256:6de9b5023d5e3767a7f0634f9e692b6d13a947a66a6d9590bff124ce14c8f499",
                "sha256:6f216af455ad3c1ef537e3bdd85f40dfc73ccb079328216ee98be6c30f9ac91f",
                "sha256:720f03e06d779174c2a867fa65ad58807cd12e48052d38a4398c96ff7d4ae940",
                "sha256:723c297f702af48afdbacb0165b0ada9c1d2eb8ec77e45e2561536fbd56738f0",
                "sha256:73277d5b1b9c4cacb29f8fab4b7aef4fdcb32c5dbbf085672dda01cfea120504",
                "sha256:792fc1be24d159b62337bb850300a899a9be1d67ad4b5a32cdc794e4749a116d",
                "sha256:79f416f860507f3a4946d8811dd002367f50f2cc307ff100d323388cd68dd227",
                "sha256:7f6d16040c1676b29757f308819fbf69b0994f4e140f1782b26de6988b50736f",
                "sha256:7fcd187835276b99136fbea94f158aaff2cd92352913f01a47ee909917126485",
                "sha256:862c04467156901c37f7acdab96a0becc57e129287f852003705dd02be7be24a",
                "sha256:8927dec320dd2b6bd8e29d841201534a487bf5332b1b76bacd8b2bfd40d18458",
                "sha256:8aa8e7fe0fc70b4480f77794b2ee8b5aaabc1f34051d019d65b0e512dfb36678",
                "sha256:8feaaa82cb33243234d97892c5b2dd18a172071a6bb4ad3fe0d64880e5353e69",
                "sha256:90093d731823caf864cfb8f4b88ed31604f164a46ea49c5f5551c4dc4b665fbb",
                "sha256:90219b8000d07993b1c69677c0be6e3d8e1f103051b7e37b99aabe4a7f540832",
                "sha256:9ed7d65ea3db3978506aeffdd36776884a832d1c3542c1ff582a0bc31916010a",
                "sha256:a274b99012ac340e308c21e838b49c0f2dc1f10ea28436a4994712a3b028d79e",
                "sha256:a40687b476ffdb68a40204b05b09df37e2e8df1117e3037c43ae5d690c27c58e",
                "sha256:ab87bbafc712bf64fb4e22c9a8a90e974855a09563f58e3f38c79373bb473c85",
                "sha256:ae66ce9165ab20c0b484eb660dd8fedbc44f0101d62cb7d780a5bcb7ee72ba2c",
                "sha256:af5355f4a7b317e994ec100b5608bfd7da8261a221a66a6964f94c59ff269afd",
                "sha256:b1129745eef343488c69b5e311a86e13f1e497077d562058e07773cc8813fab1",
                "sha256:b523d00bbeff8ef9418b95c78d032f78e7e4ca83487a20ec0f84d2cd2afe8366",
                "sha256:c2a12c6cf41058c947fbbb08edcc777cb6631636385b6bbc38783bb759930b39",
                "sha256:c3dd5b5d3b765810180ee10e0c1b2101fff28b98f756ff2331463c9947df0120",
                "sha256:c64d06a97dd7fcdb8433c1c846757e9d253a36e49e579daeab090caeb6b2ef31",
                "sha256:cd05cf88bd12d41e5002809fee097dc592dd24697bcd110a33505a6c2c28dd4a",
                "sha256:d177cbea4ea913c49c5225049c488ea82d30c3004862de7d50611ad3144d28ad",
                "sha256:d24e6ef51adf6a1f7ca625a2085714094b8627624503005bb660bf077c6d51b5",
                "sha256:d5d2fccfc109d0f483b1d801650121ca9f8f51260d61fb64c15412455504612c",
                "sha256:d66247f1a989fc02737bbda4e25a5aa06ede4dcde8122ca295a1ec3fd09364c8",
                "sha256:da064b730c8be76a1b320771a605819f4e364fbcede6555d2905c84970b4e36c",
                "sha256:dac9e207794c1467281573860b6bd5db203c46b43d105320eaf9ac18fc4031d0",
                "sha256:dc59ccd474948522f2c6cb1a72962b826659eb52e4bb031e5575e8986d43c8dc",
                "sha256:e17de19d7137fb169c9302e12894b8e8cbc4a3dab85b8f86fcd1c83a93849c3b",
                "sha256:e344d07ef341e49315c204a370abba8a0b02fa7efea1b528696b22b3f30a60aa",
                "sha256:e65d8b29cf038f758b6617481994fe8b917e21b86756c153dad6a2d62e1ca050",
                "sha256:e75766f2a1d0c5ef34c253dbe08f188ca3d211c7e6e1c4bf4fd128115c9c0299",
                "sha256:ef866888f9a6d1ca5822f5caaba89f93a85beba15186ee66766eec67fe908256",
                "sha256:f5c40802e7e0947ad8527ce347413d4355c0cecdb1bae0696a1cf74ad5c5f84d",
                "sha256:f8b2f9dd8aa2761372df0c733e1f226d6efd09e044de64c31e84130cfb092934",
                "sha256:fbbb0ed0152d31de7a00faf7053b5b0f0813679e2b8e5db804aea0a79b20d278",
                "sha256:fdb87b944d861e0fc1f2f872eb2ebc75e8a6aca892937df3f7242f27ff45e2a4"
            ],
            "index": "pypi",
            "version": "==2.2.0"
        }
    }
}
